
Microsoft Visual Studio Solution File, Format Version 12.00
# Visual Studio Version 17
VisualStudioVersion = 17.5.33530.505
MinimumVisualStudioVersion = 10.0.40219.1
Project("{FAE04EC0-301F-11D3-BF4B-00C04F79EFBC}") = "Book_Store", "Book_Store.csproj", "{7660AC2D-EE76-42E0-B6D3-F2D9E6E0D82F}"
EndProject
Project("{2150E333-8FDC-42A3-9474-1A3956D46DE8}") = "Solution Items", "Solution Items", "{097C92A4-EAE8-459D-8D03-E76ACF8F165D}"
	ProjectSection(SolutionItems) = preProject
		.editorconfig = .editorconfig
	EndProjectSection
EndProject
Global
	GlobalSection(SolutionConfigurationPlatforms) = preSolution
		Debug|Any CPU = Debug|Any CPU
		Release|Any CPU = Release|Any CPU
	EndGlobalSection
	GlobalSection(ProjectConfigurationPlatforms) = postSolution
		{7660AC2D-EE76-42E0-B6D3-F2D9E6E0D82F}.Debug|Any CPU.ActiveCfg = Debug|Any CPU
		{7660AC2D-EE76-42E0-B6D3-F2D9E6E0D82F}.Debug|Any CPU.Build.0 = Debug|Any CPU
		{7660AC2D-EE76-42E0-B6D3-F2D9E6E0D82F}.Release|Any CPU.ActiveCfg = Release|Any CPU
		{7660AC2D-EE76-42E0-B6D3-F2D9E6E0D82F}.Release|Any CPU.Build.0 = Release|Any CPU
	EndGlobalSection
	GlobalSection(SolutionProperties) = preSolution
		HideSolutionNode = FALSE
	EndGlobalSection
	GlobalSection(ExtensibilityGlobals) = postSolution
		SolutionGuid = {81B3793A-2498-4857-AA97-53506A24C703}
	EndGlobalSection
EndGlobal
